// !$*UTF8*$!
{
	archiveVersion = 1;
	classes = {
	};
	objectVersion = 56;
	objects = {

/* Begin PBXBuildFile section */
		3186BE5F2DDCD24700DE9815 /* AppDelegate.swift in Sources */ = {isa = PBXBuildFile; fileRef = 3186BE5E2DDCD24700DE9815 /* AppDelegate.swift */; };
		3186BE612DDCD24700DE9815 /* SceneDelegate.swift in Sources */ = {isa = PBXBuildFile; fileRef = 3186BE602DDCD24700DE9815 /* SceneDelegate.swift */; };
		3186BE632DDCD24700DE9815 /* ViewController.swift in Sources */ = {isa = PBXBuildFile; fileRef = 3186BE622DDCD24700DE9815 /* ViewController.swift */; };
		3186BE662DDCD24700DE9815 /* Main.storyboard in Resources */ = {isa = PBXBuildFile; fileRef = 3186BE642DDCD24700DE9815 /* Main.storyboard */; };
		3186BE682DDCD24B00DE9815 /* Assets.xcassets in Resources */ = {isa = PBXBuildFile; fileRef = 3186BE672DDCD24B00DE9815 /* Assets.xcassets */; };
		3186BE6B2DDCD24B00DE9815 /* LaunchScreen.storyboard in Resources */ = {isa = PBXBuildFile; fileRef = 3186BE692DDCD24B00DE9815 /* LaunchScreen.storyboard */; };
		3186BE772DDE7B0200DE9815 /* CalculationListViewController.swift in Sources */ = {isa = PBXBuildFile; fileRef = 3186BE762DDE7B0200DE9815 /* CalculationListViewController.swift */; };
		3186BE7A2DDF411100DE9815 /* HistoryTableViewCell.swift in Sources */ = {isa = PBXBuildFile; fileRef = 3186BE792DDF411100DE9815 /* HistoryTableViewCell.swift */; };
		3186BE7C2DDF41FB00DE9815 /* HistoryTableViewCell.xib in Resources */ = {isa = PBXBuildFile; fileRef = 3186BE7B2DDF41FB00DE9815 /* HistoryTableViewCell.xib */; };
/* End PBXBuildFile section */

/* Begin PBXFileReference section */
		3186BE5B2DDCD24700DE9815 /* calculator_edu.app */ = {isa = PBXFileReference; explicitFileType = wrapper.application; includeInIndex = 0; path = calculator_edu.app; sourceTree = BUILT_PRODUCTS_DIR; };
		3186BE5E2DDCD24700DE9815 /* AppDelegate.swift */ = {isa = PBXFileReference; lastKnownFileType = sourcecode.swift; path = AppDelegate.swift; sourceTree = "<group>"; };
		3186BE602DDCD24700DE9815 /* SceneDelegate.swift */ = {isa = PBXFileReference; lastKnownFileType = sourcecode.swift; path = SceneDelegate.swift; sourceTree = "<group>"; };
		3186BE622DDCD24700DE9815 /* ViewController.swift */ = {isa = PBXFileReference; lastKnownFileType = sourcecode.swift; path = ViewController.swift; sourceTree = "<group>"; };
		3186BE652DDCD24700DE9815 /* Base */ = {isa = PBXFileReference; lastKnownFileType = file.storyboard; name = Base; path = Base.lproj/Main.storyboard; sourceTree = "<group>"; };
		3186BE672DDCD24B00DE9815 /* Assets.xcassets */ = {isa = PBXFileReference; lastKnownFileType = folder.assetcatalog; path = Assets.xcassets; sourceTree = "<group>"; };
		3186BE6A2DDCD24B00DE9815 /* Base */ = {isa = PBXFileReference; lastKnownFileType = file.storyboard; name = Base; path = Base.lproj/LaunchScreen.storyboard; sourceTree = "<group>"; };
		3186BE6C2DDCD24B00DE9815 /* Info.plist */ = {isa = PBXFileReference; lastKnownFileType = text.plist.xml; path = Info.plist; sourceTree = "<group>"; };
		3186BE762DDE7B0200DE9815 /* CalculationListViewController.swift */ = {isa = PBXFileReference; lastKnownFileType = sourcecode.swift; path = CalculationListViewController.swift; sourceTree = "<group>"; };
		3186BE792DDF411100DE9815 /* HistoryTableViewCell.swift */ = {isa = PBXFileReference; lastKnownFileType = sourcecode.swift; path = HistoryTableViewCell.swift; sourceTree = "<group>"; };
		3186BE7B2DDF41FB00DE9815 /* HistoryTableViewCell.xib */ = {isa = PBXFileReference; lastKnownFileType = file.xib; path = HistoryTableViewCell.xib; sourceTree = "<group>"; };
/* End PBXFileReference section */

/* Begin PBXFrameworksBuildPhase section */
		3186BE582DDCD24700DE9815 /* Frameworks */ = {
			isa = PBXFrameworksBuildPhase;
			buildActionMask = 2147483647;
			files = (
			);
			runOnlyForDeploymentPostprocessing = 0;
		};
/* End PBXFrameworksBuildPhase section */

/* Begin PBXGroup section */
		3186BE522DDCD24700DE9815 = {
			isa = PBXGroup;
			children = (
				3186BE5D2DDCD24700DE9815 /* calculator_edu */,
				3186BE5C2DDCD24700DE9815 /* Products */,
			);
			sourceTree = "<group>";
		};
		3186BE5C2DDCD24700DE9815 /* Products */ = {
			isa = PBXGroup;
			children = (
				3186BE5B2DDCD24700DE9815 /* calculator_edu.app */,
			);
			name = Products;
			sourceTree = "<group>";
		};
		3186BE5D2DDCD24700DE9815 /* calculator_edu */ = {
			isa = PBXGroup;
			children = (
				3186BE5E2DDCD24700DE9815 /* AppDelegate.swift */,
				3186BE602DDCD24700DE9815 /* SceneDelegate.swift */,
				3186BE622DDCD24700DE9815 /* ViewController.swift */,
				3186BE642DDCD24700DE9815 /* Main.storyboard */,
				3186BE782DDF40D900DE9815 /* History */,
				3186BE672DDCD24B00DE9815 /* Assets.xcassets */,
				3186BE692DDCD24B00DE9815 /* LaunchScreen.storyboard */,
				3186BE6C2DDCD24B00DE9815 /* Info.plist */,
			);
			path = calculator_edu;
			sourceTree = "<group>";
		};
		3186BE782DDF40D900DE9815 /* History */ = {
			isa = PBXGroup;
			children = (
				3186BE762DDE7B0200DE9815 /* CalculationListViewController.swift */,
				3186BE792DDF411100DE9815 /* HistoryTableViewCell.swift */,
				3186BE7B2DDF41FB00DE9815 /* HistoryTableViewCell.xib */,
			);
			path = History;
			sourceTree = "<group>";
		};
/* End PBXGroup section */

/* Begin PBXNativeTarget section */
		3186BE5A2DDCD24700DE9815 /* calculator_edu */ = {
			isa = PBXNativeTarget;
			buildConfigurationList = 3186BE6F2DDCD24B00DE9815 /* Build configuration list for PBXNativeTarget "calculator_edu" */;
			buildPhases = (
				3186BE572DDCD24700DE9815 /* Sources */,
				3186BE582DDCD24700DE9815 /* Frameworks */,
				3186BE592DDCD24700DE9815 /* Resources */,
			);
			buildRules = (
			);
			dependencies = (
			);
			name = calculator_edu;
			productName = calculator_edu;
			productReference = 3186BE5B2DDCD24700DE9815 /* calculator_edu.app */;
			productType = "com.apple.product-type.application";
		};
/* End PBXNativeTarget section */

/* Begin PBXProject section */
		3186BE532DDCD24700DE9815 /* Project object */ = {
			isa = PBXProject;
			attributes = {
				BuildIndependentTargetsInParallel = 1;
				LastSwiftUpdateCheck = 1520;
				LastUpgradeCheck = 1520;
				TargetAttributes = {
					3186BE5A2DDCD24700DE9815 = {
						CreatedOnToolsVersion = 15.2;
					};
				};
			};
			buildConfigurationList = 3186BE562DDCD24700DE9815 /* Build configuration list for PBXProject "calculator_edu" */;
			compatibilityVersion = "Xcode 14.0";
			developmentRegion = en;
			hasScannedForEncodings = 0;
			knownRegions = (
				en,
				Base,
			);
			mainGroup = 3186BE522DDCD24700DE9815;
			productRefGroup = 3186BE5C2DDCD24700DE9815 /* Products */;
			projectDirPath = "";
			projectRoot = "";
			targets = (
				3186BE5A2DDCD24700DE9815 /* calculator_edu */,
			);
		};
/* End PBXProject section */

/* Begin PBXResourcesBuildPhase section */
		3186BE592DDCD24700DE9815 /* Resources */ = {
			isa = PBXResourcesBuildPhase;
			buildActionMask = 2147483647;
			files = (
				3186BE6B2DDCD24B00DE9815 /* LaunchScreen.storyboard in Resources */,
				3186BE682DDCD24B00DE9815 /* Assets.xcassets in Resources */,
				3186BE7C2DDF41FB00DE9815 /* HistoryTableViewCell.xib in Resources */,
				3186BE662DDCD24700DE9815 /* Main.storyboard in Resources */,
			);
			runOnlyForDeploymentPostprocessing = 0;
		};
/* End PBXResourcesBuildPhase section */

/* Begin PBXSourcesBuildPhase section */
		3186BE572DDCD24700DE9815 /* Sources */ = {
			isa = PBXSourcesBuildPhase;
			buildActionMask = 2147483647;
			files = (
				3186BE772DDE7B0200DE9815 /* CalculationListViewController.swift in Sources */,
				3186BE632DDCD24700DE9815 /* ViewController.swift in Sources */,
				3186BE5F2DDCD24700DE9815 /* AppDelegate.swift in Sources */,
				3186BE612DDCD24700DE9815 /* SceneDelegate.swift in Sources */,
				3186BE7A2DDF411100DE9815 /* HistoryTableViewCell.swift in Sources */,
			);
			runOnlyForDeploymentPostprocessing = 0;
		};
/* End PBXSourcesBuildPhase section */

/* Begin PBXVariantGroup section */
		3186BE642DDCD24700DE9815 /* Main.storyboard */ = {
			isa = PBXVariantGroup;
			children = (
				3186BE652DDCD24700DE9815 /* Base */,
			);
			name = Main.storyboard;
			sourceTree = "<group>";
		};
		3186BE692DDCD24B00DE9815 /* LaunchScreen.storyboard */ = {
			isa = PBXVariantGroup;
			children = (
				3186BE6A2DDCD24B00DE9815 /* Base */,
			);
			name = LaunchScreen.storyboard;
			sourceTree = "<group>";
		};
/* End PBXVariantGroup section */

/* Begin XCBuildConfiguration section */
		3186BE6D2DDCD24B00DE9815 /* Debug */ = {
			isa = XCBuildConfiguration;
			buildSettings = {
				ALWAYS_SEARCH_USER_PATHS = NO;
				ASSETCATALOG_COMPILER_GENERATE_SWIFT_ASSET_SYMBOL_EXTENSIONS = YES;
				CLANG_ANALYZER_NONNULL = YES;
				CLANG_ANALYZER_NUMBER_OBJECT_CONVERSION = YES_AGGRESSIVE;
				CLANG_CXX_LANGUAGE_STANDARD = "gnu++20";
				CLANG_ENABLE_MODULES = YES;
				CLANG_ENABLE_OBJC_ARC = YES;
				CLANG_ENABLE_OBJC_WEAK = YES;
				CLANG_WARN_BLOCK_CAPTURE_AUTORELEASING = YES;
				CLANG_WARN_BOOL_CONVERSION = YES;
				CLANG_WARN_COMMA = YES;
				CLANG_WARN_CONSTANT_CONVERSION = YES;
				CLANG_WARN_DEPRECATED_OBJC_IMPLEMENTATIONS = YES;
				CLANG_WARN_DIRECT_OBJC_ISA_USAGE = YES_ERROR;
				CLANG_WARN_DOCUMENTATION_COMMENTS = YES;
				CLANG_WARN_EMPTY_BODY = YES;
				CLANG_WARN_ENUM_CONVERSION = YES;
				CLANG_WARN_INFINITE_RECURSION = YES;
				CLANG_WARN_INT_CONVERSION = YES;
				CLANG_WARN_NON_LITERAL_NULL_CONVERSION = YES;
				CLANG_WARN_OBJC_IMPLICIT_RETAIN_SELF = YES;
				CLANG_WARN_OBJC_LITERAL_CONVERSION = YES;
				CLANG_WARN_OBJC_ROOT_CLASS = YES_ERROR;
				CLANG_WARN_QUOTED_INCLUDE_IN_FRAMEWORK_HEADER = YES;
				CLANG_WARN_RANGE_LOOP_ANALYSIS = YES;
				CLANG_WARN_STRICT_PROTOTYPES = YES;
				CLANG_WARN_SUSPICIOUS_MOVE = YES;
				CLANG_WARN_UNGUARDED_AVAILABILITY = YES_AGGRESSIVE;
				CLANG_WARN_UNREACHABLE_CODE = YES;
				CLANG_WARN__DUPLICATE_METHOD_MATCH = YES;
				COPY_PHASE_STRIP = NO;
				DEBUG_INFORMATION_FORMAT = dwarf;
				ENABLE_STRICT_OBJC_MSGSEND = YES;
				ENABLE_TESTABILITY = YES;
				ENABLE_USER_SCRIPT_SANDBOXING = YES;
				GCC_C_LANGUAGE_STANDARD = gnu17;
				GCC_DYNAMIC_NO_PIC = NO;
				GCC_NO_COMMON_BLOCKS = YES;
				GCC_OPTIMIZATION_LEVEL = 0;
				GCC_PREPROCESSOR_DEFINITIONS = (
					"DEBUG=1",
					"$(inherited)",
				);
				GCC_WARN_64_TO_32_BIT_CONVERSION = YES;
				GCC_WARN_ABOUT_RETURN_TYPE = YES_ERROR;
				GCC_WARN_UNDECLARED_SELECTOR = YES;
				GCC_WARN_UNINITIALIZED_AUTOS = YES_AGGRESSIVE;
				GCC_WARN_UNUSED_FUNCTION = YES;
				GCC_WARN_UNUSED_VARIABLE = YES;
				IPHONEOS_DEPLOYMENT_TARGET = 17.2;
				LOCALIZATION_PREFERS_STRING_CATALOGS = YES;
				MTL_ENABLE_DEBUG_INFO = INCLUDE_SOURCE;
				MTL_FAST_MATH = YES;
				ONLY_ACTIVE_ARCH = YES;
				SDKROOT = iphoneos;
				SWIFT_ACTIVE_COMPILATION_CONDITIONS = "DEBUG $(inherited)";
				SWIFT_OPTIMIZATION_LEVEL = "-Onone";
			};
			name = Debug;
		};
		3186BE6E2DDCD24B00DE9815 /* Release */ = {
			isa = XCBuildConfiguration;
			buildSettings = {
				ALWAYS_SEARCH_USER_PATHS = NO;
				ASSETCATALOG_COMPILER_GENERATE_SWIFT_ASSET_SYMBOL_EXTENSIONS = YES;
				CLANG_ANALYZER_NONNULL = YES;
				CLANG_ANALYZER_NUMBER_OBJECT_CONVERSION = YES_AGGRESSIVE;
				CLANG_CXX_LANGUAGE_STANDARD = "gnu++20";
				CLANG_ENABLE_MODULES = YES;
				CLANG_ENABLE_OBJC_ARC = YES;
				CLANG_ENABLE_OBJC_WEAK = YES;
				CLANG_WARN_BLOCK_CAPTURE_AUTORELEASING = YES;
				CLANG_WARN_BOOL_CONVERSION = YES;
				CLANG_WARN_COMMA = YES;
				CLANG_WARN_CONSTANT_CONVERSION = YES;
				CLANG_WARN_DEPRECATED_OBJC_IMPLEMENTATIONS = YES;
				CLANG_WARN_DIRECT_OBJC_ISA_USAGE = YES_ERROR;
				CLANG_WARN_DOCUMENTATION_COMMENTS = YES;
				CLANG_WARN_EMPTY_BODY = YES;
				CLANG_WARN_ENUM_CONVERSION = YES;
				CLANG_WARN_INFINITE_RECURSION = YES;
				CLANG_WARN_INT_CONVERSION = YES;
				CLANG_WARN_NON_LITERAL_NULL_CONVERSION = YES;
				CLANG_WARN_OBJC_IMPLICIT_RETAIN_SELF = YES;
				CLANG_WARN_OBJC_LITERAL_CONVERSION = YES;
				CLANG_WARN_OBJC_ROOT_CLASS = YES_ERROR;
				CLANG_WARN_QUOTED_INCLUDE_IN_FRAMEWORK_HEADER = YES;
				CLANG_WARN_RANGE_LOOP_ANALYSIS = YES;
				CLANG_WARN_STRICT_PROTOTYPES = YES;
				CLANG_WARN_SUSPICIOUS_MOVE = YES;
				CLANG_WARN_UNGUARDED_AVAILABILITY = YES_AGGRESSIVE;
				CLANG_WARN_UNREACHABLE_CODE = YES;
				CLANG_WARN__DUPLICATE_METHOD_MATCH = YES;
				COPY_PHASE_STRIP = NO;
				DEBUG_INFORMATION_FORMAT = "dwarf-with-dsym";
				ENABLE_NS_ASSERTIONS = NO;
				ENABLE_STRICT_OBJC_MSGSEND = YES;
				ENABLE_USER_SCRIPT_SANDBOXING = YES;
				GCC_C_LANGUAGE_STANDARD = gnu17;
				GCC_NO_COMMON_BLOCKS = YES;
				GCC_WARN_64_TO_32_BIT_CONVERSION = YES;
				GCC_WARN_ABOUT_RETURN_TYPE = YES_ERROR;
				GCC_WARN_UNDECLARED_SELECTOR = YES;
				GCC_WARN_UNINITIALIZED_AUTOS = YES_AGGRESSIVE;
				GCC_WARN_UNUSED_FUNCTION = YES;
				GCC_WARN_UNUSED_VARIABLE = YES;
				IPHONEOS_DEPLOYMENT_TARGET = 17.2;
				LOCALIZATION_PREFERS_STRING_CATALOGS = YES;
				MTL_ENABLE_DEBUG_INFO = NO;
				MTL_FAST_MATH = YES;
				SDKROOT = iphoneos;
				SWIFT_COMPILATION_MODE = wholemodule;
				VALIDATE_PRODUCT = YES;
			};
			name = Release;
		};
		3186BE702DDCD24B00DE9815 /* Debug */ = {
			isa = XCBuildConfiguration;
			buildSettings = {
				ASSETCATALOG_COMPILER_APPICON_NAME = AppIcon;
				ASSETCATALOG_COMPILER_GLOBAL_ACCENT_COLOR_NAME = AccentColor;
				CODE_SIGN_STYLE = Automatic;
				CURRENT_PROJECT_VERSION = 1;
				DEVELOPMENT_TEAM = 72WF57A54C;
				GENERATE_INFOPLIST_FILE = YES;
				INFOPLIST_FILE = calculator_edu/Info.plist;
				INFOPLIST_KEY_UIApplicationSupportsIndirectInputEvents = YES;
				INFOPLIST_KEY_UILaunchStoryboardName = LaunchScreen;
				INFOPLIST_KEY_UIMainStoryboardFile = Main;
				INFOPLIST_KEY_UISupportedInterfaceOrientations = UIInterfaceOrientationPortrait;
				INFOPLIST_KEY_UISupportedInterfaceOrientations_iPad = "UIInterfaceOrientationPortrait UIInterfaceOrientationPortraitUpsideDown";
				IPHONEOS_DEPLOYMENT_TARGET = 15.0;
				LD_RUNPATH_SEARCH_PATHS = (
					"$(inherited)",
					"@executable_path/Frameworks",
				);
				MARKETING_VERSION = 1.0;
				PRODUCT_BUNDLE_IDENTIFIER = "PavelShirokiy.calculator-edu";
				PRODUCT_NAME = "$(TARGET_NAME)";
				SUPPORTED_PLATFORMS = "iphoneos iphonesimulator";
				SUPPORTS_MACCATALYST = NO;
				SUPPORTS_MAC_DESIGNED_FOR_IPHONE_IPAD = NO;
				SUPPORTS_XR_DESIGNED_FOR_IPHONE_IPAD = NO;
				SWIFT_EMIT_LOC_STRINGS = YES;
				SWIFT_VERSION = 5.0;
				TARGETED_DEVICE_FAMILY = "1,2";
			};
			name = Debug;
		};
		3186BE712DDCD24B00DE9815 /* Release */ = {
			isa = XCBuildConfiguration;
			buildSettings = {
				ASSETCATALOG_COMPILER_APPICON_NAME = AppIcon;
				ASSETCATALOG_COMPILER_GLOBAL_ACCENT_COLOR_NAME = AccentColor;
				CODE_SIGN_STYLE = Automatic;
				CURRENT_PROJECT_VERSION = 1;
				DEVELOPMENT_TEAM = 72WF57A54C;
				GENERATE_INFOPLIST_FILE = YES;
				INFOPLIST_FILE = calculator_edu/Info.plist;
				INFOPLIST_KEY_UIApplicationSupportsIndirectInputEvents = YES;
				INFOPLIST_KEY_UILaunchStoryboardName = LaunchScreen;
				INFOPLIST_KEY_UIMainStoryboardFile = Main;
				INFOPLIST_KEY_UISupportedInterfaceOrientations = UIInterfaceOrientationPortrait;
				INFOPLIST_KEY_UISupportedInterfaceOrientations_iPad = "UIInterfaceOrientationPortrait UIInterfaceOrientationPortraitUpsideDown";
				IPHONEOS_DEPLOYMENT_TARGET = 15.0;
				LD_RUNPATH_SEARCH_PATHS = (
					"$(inherited)",
					"@executable_path/Frameworks",
				);
				MARKETING_VERSION = 1.0;
				PRODUCT_BUNDLE_IDENTIFIER = "PavelShirokiy.calculator-edu";
				PRODUCT_NAME = "$(TARGET_NAME)";
				SUPPORTED_PLATFORMS = "iphoneos iphonesimulator";
				SUPPORTS_MACCATALYST = NO;
				SUPPORTS_MAC_DESIGNED_FOR_IPHONE_IPAD = NO;
				SUPPORTS_XR_DESIGNED_FOR_IPHONE_IPAD = NO;
				SWIFT_EMIT_LOC_STRINGS = YES;
				SWIFT_VERSION = 5.0;
				TARGETED_DEVICE_FAMILY = "1,2";
			};
			name = Release;
		};
/* End XCBuildConfiguration section */

/* Begin XCConfigurationList section */
		3186BE562DDCD24700DE9815 /* Build configuration list for PBXProject "calculator_edu" */ = {
			isa = XCConfigurationList;
			buildConfigurations = (
				3186BE6D2DDCD24B00DE9815 /* Debug */,
				3186BE6E2DDCD24B00DE9815 /* Release */,
			);
			defaultConfigurationIsVisible = 0;
			defaultConfigurationName = Release;
		};
		3186BE6F2DDCD24B00DE9815 /* Build configuration list for PBXNativeTarget "calculator_edu" */ = {
			isa = XCConfigurationList;
			buildConfigurations = (
				3186BE702DDCD24B00DE9815 /* Debug */,
				3186BE712DDCD24B00DE9815 /* Release */,
			);
			defaultConfigurationIsVisible = 0;
			defaultConfigurationName = Release;
		};
/* End XCConfigurationList section */
	};
	rootObject = 3186BE532DDCD24700DE9815 /* Project object */;
}
